
Microsoft Visual Studio Solution File, Format Version 12.00
Project("{FAE04EC0-301F-11D3-BF4B-00C04F79EFBC}") = "AspNetCore7.WebService.Demo", "AspNetCore7.WebService.Demo.csproj", "{43E17B48-D377-44E7-A9D2-23211D40E558}"
EndProject
Global
	GlobalSection(SolutionConfigurationPlatforms) = preSolution
		Debug|Any CPU = Debug|Any CPU
		Release|Any CPU = Release|Any CPU
	EndGlobalSection
	GlobalSection(ProjectConfigurationPlatforms) = postSolution
		{43E17B48-D377-44E7-A9D2-23211D40E558}.Debug|Any CPU.ActiveCfg = Debug|Any CPU
		{43E17B48-D377-44E7-A9D2-23211D40E558}.Debug|Any CPU.Build.0 = Debug|Any CPU
		{43E17B48-D377-44E7-A9D2-23211D40E558}.Release|Any CPU.ActiveCfg = Release|Any CPU
		{43E17B48-D377-44E7-A9D2-23211D40E558}.Release|Any CPU.Build.0 = Release|Any CPU
	EndGlobalSection
EndGlobal
